// !$*UTF8*$!
{
	archiveVersion = 1;
	classes = {
	};
	objectVersion = 46;
	objects = {

/* Begin PBXBuildFile section */
		F50C6EBD1C4DF5AD0088AC4A /* main.m in Sources */ = {isa = PBXBuildFile; fileRef = F50C6EBC1C4DF5AD0088AC4A /* main.m */; };
		F50C6EC01C4DF5AD0088AC4A /* AppDelegate.m in Sources */ = {isa = PBXBuildFile; fileRef = F50C6EBF1C4DF5AD0088AC4A /* AppDelegate.m */; };
		F50C6EC31C4DF5AD0088AC4A /* ViewController.m in Sources */ = {isa = PBXBuildFile; fileRef = F50C6EC21C4DF5AD0088AC4A /* ViewController.m */; };
		F50C6EC61C4DF5AD0088AC4A /* Main.storyboard in Resources */ = {isa = PBXBuildFile; fileRef = F50C6EC41C4DF5AD0088AC4A /* Main.storyboard */; };
		F50C6EC81C4DF5AD0088AC4A /* Assets.xcassets in Resources */ = {isa = PBXBuildFile; fileRef = F50C6EC71C4DF5AD0088AC4A /* Assets.xcassets */; };
		F50C6ECB1C4DF5AD0088AC4A /* LaunchScreen.storyboard in Resources */ = {isa = PBXBuildFile; fileRef = F50C6EC91C4DF5AD0088AC4A /* LaunchScreen.storyboard */; };
/* End PBXBuildFile section */

/* Begin PBXFileReference section */
		F50C6EB81C4DF5AD0088AC4A /* ServeralAlert.app */ = {isa = PBXFileReference; explicitFileType = wrapper.application; includeInIndex = 0; path = ServeralAlert.app; sourceTree = BUILT_PRODUCTS_DIR; };
		F50C6EBC1C4DF5AD0088AC4A /* main.m */ = {isa = PBXFileReference; lastKnownFileType = sourcecode.c.objc; path = main.m; sourceTree = "<group>"; };
		F50C6EBE1C4DF5AD0088AC4A /* AppDelegate.h */ = {isa = PBXFileReference; lastKnownFileType = sourcecode.c.h; path = AppDelegate.h; sourceTree = "<group>"; };
		F50C6EBF1C4DF5AD0088AC4A /* AppDelegate.m */ = {isa = PBXFileReference; lastKnownFileType = sourcecode.c.objc; path = AppDelegate.m; sourceTree = "<group>"; };
		F50C6EC11C4DF5AD0088AC4A /* ViewController.h */ = {isa = PBXFileReference; lastKnownFileType = sourcecode.c.h; path = ViewController.h; sourceTree = "<group>"; };
		F50C6EC21C4DF5AD0088AC4A /* ViewController.m */ = {isa = PBXFileReference; lastKnownFileType = sourcecode.c.objc; path = ViewController.m; sourceTree = "<group>"; };
		F50C6EC51C4DF5AD0088AC4A /* Base */ = {isa = PBXFileReference; lastKnownFileType = file.storyboard; name = Base; path = Base.lproj/Main.storyboard; sourceTree = "<group>"; };
		F50C6EC71C4DF5AD0088AC4A /* Assets.xcassets */ = {isa = PBXFileReference; lastKnownFileType = folder.assetcatalog; path = Assets.xcassets; sourceTree = "<group>"; };
		F50C6ECA1C4DF5AD0088AC4A /* Base */ = {isa = PBXFileReference; lastKnownFileType = file.storyboard; name = Base; path = Base.lproj/LaunchScreen.storyboard; sourceTree = "<group>"; };
		F50C6ECC1C4DF5AD0088AC4A /* Info.plist */ = {isa = PBXFileReference; lastKnownFileType = text.plist.xml; path = Info.plist; sourceTree = "<group>"; };
/* End PBXFileReference section */

/* Begin PBXFrameworksBuildPhase section */
		F50C6EB51C4DF5AD0088AC4A /* Frameworks */ = {
			isa = PBXFrameworksBuildPhase;
			buildActionMask = 2147483647;
			files = (
			);
			runOnlyForDeploymentPostprocessing = 0;
		};
/* End PBXFrameworksBuildPhase section */

/* Begin PBXGroup section */
		F50C6EAF1C4DF5AD0088AC4A = {
			isa = PBXGroup;
			children = (
				F50C6EBA1C4DF5AD0088AC4A /* ServeralAlert */,
				F50C6EB91C4DF5AD0088AC4A /* Products */,
			);
			sourceTree = "<group>";
		};
		F50C6EB91C4DF5AD0088AC4A /* Products */ = {
			isa = PBXGroup;
			children = (
				F50C6EB81C4DF5AD0088AC4A /* ServeralAlert.app */,
			);
			name = Products;
			sourceTree = "<group>";
		};
		F50C6EBA1C4DF5AD0088AC4A /* ServeralAlert */ = {
			isa = PBXGroup;
			children = (
				F50C6EBE1C4DF5AD0088AC4A /* AppDelegate.h */,
				F50C6EBF1C4DF5AD0088AC4A /* AppDelegate.m */,
				F50C6EC11C4DF5AD0088AC4A /* ViewController.h */,
				F50C6EC21C4DF5AD0088AC4A /* ViewController.m */,
				F50C6EC41C4DF5AD0088AC4A /* Main.storyboard */,
				F50C6EC71C4DF5AD0088AC4A /* Assets.xcassets */,
				F50C6EC91C4DF5AD0088AC4A /* LaunchScreen.storyboard */,
				F50C6ECC1C4DF5AD0088AC4A /* Info.plist */,
				F50C6EBB1C4DF5AD0088AC4A /* Supporting Files */,
			);
			path = ServeralAlert;
			sourceTree = "<group>";
		};
		F50C6EBB1C4DF5AD0088AC4A /* Supporting Files */ = {
			isa = PBXGroup;
			children = (
				F50C6EBC1C4DF5AD0088AC4A /* main.m */,
			);
			name = "Supporting Files";
			sourceTree = "<group>";
		};
/* End PBXGroup section */

/* Begin PBXNativeTarget section */
		F50C6EB71C4DF5AD0088AC4A /* ServeralAlert */ = {
			isa = PBXNativeTarget;
			buildConfigurationList = F50C6ECF1C4DF5AD0088AC4A /* Build configuration list for PBXNativeTarget "ServeralAlert" */;
			buildPhases = (
				F50C6EB41C4DF5AD0088AC4A /* Sources */,
				F50C6EB51C4DF5AD0088AC4A /* Frameworks */,
				F50C6EB61C4DF5AD0088AC4A /* Resources */,
			);
			buildRules = (
			);
			dependencies = (
			);
			name = ServeralAlert;
			productName = ServeralAlert;
			productReference = F50C6EB81C4DF5AD0088AC4A /* ServeralAlert.app */;
			productType = "com.apple.product-type.application";
		};
/* End PBXNativeTarget section */

/* Begin PBXProject section */
		F50C6EB01C4DF5AD0088AC4A /* Project object */ = {
			isa = PBXProject;
			attributes = {
				LastUpgradeCheck = 0720;
				ORGANIZATIONNAME = Digiwin;
				TargetAttributes = {
					F50C6EB71C4DF5AD0088AC4A = {
						CreatedOnToolsVersion = 7.2;
					};
				};
			};
			buildConfigurationList = F50C6EB31C4DF5AD0088AC4A /* Build configuration list for PBXProject "ServeralAlert" */;
			compatibilityVersion = "Xcode 3.2";
			developmentRegion = English;
			hasScannedForEncodings = 0;
			knownRegions = (
				en,
				Base,
			);
			mainGroup = F50C6EAF1C4DF5AD0088AC4A;
			productRefGroup = F50C6EB91C4DF5AD0088AC4A /* Products */;
			projectDirPath = "";
			projectRoot = "";
			targets = (
				F50C6EB71C4DF5AD0088AC4A /* ServeralAlert */,
			);
		};
/* End PBXProject section */

/* Begin PBXResourcesBuildPhase section */
		F50C6EB61C4DF5AD0088AC4A /* Resources */ = {
			isa = PBXResourcesBuildPhase;
			buildActionMask = 2147483647;
			files = (
				F50C6ECB1C4DF5AD0088AC4A /* LaunchScreen.storyboard in Resources */,
				F50C6EC81C4DF5AD0088AC4A /* Assets.xcassets in Resources */,
				F50C6EC61C4DF5AD0088AC4A /* Main.storyboard in Resources */,
			);
			runOnlyForDeploymentPostprocessing = 0;
		};
/* End PBXResourcesBuildPhase section */

/* Begin PBXSourcesBuildPhase section */
		F50C6EB41C4DF5AD0088AC4A /* Sources */ = {
			isa = PBXSourcesBuildPhase;
			buildActionMask = 2147483647;
			files = (
				F50C6EC31C4DF5AD0088AC4A /* ViewController.m in Sources */,
				F50C6EC01C4DF5AD0088AC4A /* AppDelegate.m in Sources */,
				F50C6EBD1C4DF5AD0088AC4A /* main.m in Sources */,
			);
			runOnlyForDeploymentPostprocessing = 0;
		};
/* End PBXSourcesBuildPhase section */

/* Begin PBXVariantGroup section */
		F50C6EC41C4DF5AD0088AC4A /* Main.storyboard */ = {
			isa = PBXVariantGroup;
			children = (
				F50C6EC51C4DF5AD0088AC4A /* Base */,
			);
			name = Main.storyboard;
			sourceTree = "<group>";
		};
		F50C6EC91C4DF5AD0088AC4A /* LaunchScreen.storyboard */ = {
			isa = PBXVariantGroup;
			children = (
				F50C6ECA1C4DF5AD0088AC4A /* Base */,
			);
			name = LaunchScreen.storyboard;
			sourceTree = "<group>";
		};
/* End PBXVariantGroup section */

/* Begin XCBuildConfiguration section */
		F50C6ECD1C4DF5AD0088AC4A /* Debug */ = {
			isa = XCBuildConfiguration;
			buildSettings = {
				ALWAYS_SEARCH_USER_PATHS = NO;
				CLANG_CXX_LANGUAGE_STANDARD = "gnu++0x";
				CLANG_CXX_LIBRARY = "libc++";
				CLANG_ENABLE_MODULES = YES;
				CLANG_ENABLE_OBJC_ARC = YES;
				CLANG_WARN_BOOL_CONVERSION = YES;
				CLANG_WARN_CONSTANT_CONVERSION = YES;
				CLANG_WARN_DIRECT_OBJC_ISA_USAGE = YES_ERROR;
				CLANG_WARN_EMPTY_BODY = YES;
				CLANG_WARN_ENUM_CONVERSION = YES;
				CLANG_WARN_INT_CONVERSION = YES;
				CLANG_WARN_OBJC_ROOT_CLASS = YES_ERROR;
				CLANG_WARN_UNREACHABLE_CODE = YES;
				CLANG_WARN__DUPLICATE_METHOD_MATCH = YES;
				"CODE_SIGN_IDENTITY[sdk=iphoneos*]" = "iPhone Developer";
				COPY_PHASE_STRIP = NO;
				DEBUG_INFORMATION_FORMAT = dwarf;
				ENABLE_STRICT_OBJC_MSGSEND = YES;
				ENABLE_TESTABILITY = YES;
				GCC_C_LANGUAGE_STANDARD = gnu99;
				GCC_DYNAMIC_NO_PIC = NO;
				GCC_NO_COMMON_BLOCKS = YES;
				GCC_OPTIMIZATION_LEVEL = 0;
				GCC_PREPROCESSOR_DEFINITIONS = (
					"DEBUG=1",
					"$(inherited)",
				);
				GCC_WARN_64_TO_32_BIT_CONVERSION = YES;
				GCC_WARN_ABOUT_RETURN_TYPE = YES_ERROR;
				GCC_WARN_UNDECLARED_SELECTOR = YES;
				GCC_WARN_UNINITIALIZED_AUTOS = YES_AGGRESSIVE;
				GCC_WARN_UNUSED_FUNCTION = YES;
				GCC_WARN_UNUSED_VARIABLE = YES;
				IPHONEOS_DEPLOYMENT_TARGET = 9.2;
				MTL_ENABLE_DEBUG_INFO = YES;
				ONLY_ACTIVE_ARCH = YES;
				SDKROOT = iphoneos;
				TARGETED_DEVICE_FAMILY = "1,2";
			};
			name = Debug;
		};
		F50C6ECE1C4DF5AD0088AC4A /* Release */ = {
			isa = XCBuildConfiguration;
			buildSettings = {
				ALWAYS_SEARCH_USER_PATHS = NO;
				CLANG_CXX_LANGUAGE_STANDARD = "gnu++0x";
				CLANG_CXX_LIBRARY = "libc++";
				CLANG_ENABLE_MODULES = YES;
				CLANG_ENABLE_OBJC_ARC = YES;
				CLANG_WARN_BOOL_CONVERSION = YES;
				CLANG_WARN_CONSTANT_CONVERSION = YES;
				CLANG_WARN_DIRECT_OBJC_ISA_USAGE = YES_ERROR;
				CLANG_WARN_EMPTY_BODY = YES;
				CLANG_WARN_ENUM_CONVERSION = YES;
				CLANG_WARN_INT_CONVERSION = YES;
				CLANG_WARN_OBJC_ROOT_CLASS = YES_ERROR;
				CLANG_WARN_UNREACHABLE_CODE = YES;
				CLANG_WARN__DUPLICATE_METHOD_MATCH = YES;
				"CODE_SIGN_IDENTITY[sdk=iphoneos*]" = "iPhone Developer";
				COPY_PHASE_STRIP = NO;
				DEBUG_INFORMATION_FORMAT = "dwarf-with-dsym";
				ENABLE_NS_ASSERTIONS = NO;
				ENABLE_STRICT_OBJC_MSGSEND = YES;
				GCC_C_LANGUAGE_STANDARD = gnu99;
				GCC_NO_COMMON_BLOCKS = YES;
				GCC_WARN_64_TO_32_BIT_CONVERSION = YES;
				GCC_WARN_ABOUT_RETURN_TYPE = YES_ERROR;
				GCC_WARN_UNDECLARED_SELECTOR = YES;
				GCC_WARN_UNINITIALIZED_AUTOS = YES_AGGRESSIVE;
				GCC_WARN_UNUSED_FUNCTION = YES;
				GCC_WARN_UNUSED_VARIABLE = YES;
				IPHONEOS_DEPLOYMENT_TARGET = 9.2;
				MTL_ENABLE_DEBUG_INFO = NO;
				SDKROOT = iphoneos;
				TARGETED_DEVICE_FAMILY = "1,2";
				VALIDATE_PRODUCT = YES;
			};
			name = Release;
		};
		F50C6ED01C4DF5AD0088AC4A /* Debug */ = {
			isa = XCBuildConfiguration;
			buildSettings = {
				ASSETCATALOG_COMPILER_APPICON_NAME = AppIcon;
				INFOPLIST_FILE = ServeralAlert/Info.plist;
				LD_RUNPATH_SEARCH_PATHS = "$(inherited) @executable_path/Frameworks";
				PRODUCT_BUNDLE_IDENTIFIER = Digiwin.DigiwinMobileEngine.ServeralAlert;
				PRODUCT_NAME = "$(TARGET_NAME)";
			};
			name = Debug;
		};
		F50C6ED11C4DF5AD0088AC4A /* Release */ = {
			isa = XCBuildConfiguration;
			buildSettings = {
				ASSETCATALOG_COMPILER_APPICON_NAME = AppIcon;
				INFOPLIST_FILE = ServeralAlert/Info.plist;
				LD_RUNPATH_SEARCH_PATHS = "$(inherited) @executable_path/Frameworks";
				PRODUCT_BUNDLE_IDENTIFIER = Digiwin.DigiwinMobileEngine.ServeralAlert;
				PRODUCT_NAME = "$(TARGET_NAME)";
			};
			name = Release;
		};
/* End XCBuildConfiguration section */

/* Begin XCConfigurationList section */
		F50C6EB31C4DF5AD0088AC4A /* Build configuration list for PBXProject "ServeralAlert" */ = {
			isa = XCConfigurationList;
			buildConfigurations = (
				F50C6ECD1C4DF5AD0088AC4A /* Debug */,
				F50C6ECE1C4DF5AD0088AC4A /* Release */,
			);
			defaultConfigurationIsVisible = 0;
			defaultConfigurationName = Release;
		};
		F50C6ECF1C4DF5AD0088AC4A /* Build configuration list for PBXNativeTarget "ServeralAlert" */ = {
			isa = XCConfigurationList;
			buildConfigurations = (
				F50C6ED01C4DF5AD0088AC4A /* Debug */,
				F50C6ED11C4DF5AD0088AC4A /* Release */,
			);
			defaultConfigurationIsVisible = 0;
		};
/* End XCConfigurationList section */
	};
	rootObject = F50C6EB01C4DF5AD0088AC4A /* Project object */;
}
